version: 7
platforms:
- name: linux-64
- name: win-64
environments:
  default:
    channels:
    - url: https://conda.anaconda.org/conda-forge/
    packages:
      linux-64:
      - conda: https://conda.anaconda.org/conda-forge/linux-64/_openmp_mutex-4.5-20_gnu.conda
      - conda: https://conda.anaconda.org/conda-forge/linux-64/binutils-2.45.1-default_h4852527_102.conda
      - conda: https://conda.anaconda.org/conda-forge/linux-64/binutils_impl_linux-64-2.45.1-default_hfdba357_102.conda
      - conda: https://conda.anaconda.org/conda-forge/linux-64/clang-22-22.1.7-default_h99862b1_1.conda
      - conda: https://conda.anaconda.org/conda-forge/linux-64/clang-22.1.7-default_cfg_hcbb2b3e_1.conda
      - conda: https://conda.anaconda.org/conda-forge/linux-64/clang_impl_linux-64-22.1.7-default_h0a60c25_1.conda
      - conda: https://conda.anaconda.org/conda-forge/linux-64/compiler-rt-22.1.7-ha770c72_0.conda
      - conda: https://conda.anaconda.org/conda-forge/linux-64/compiler-rt22-22.1.7-hb700be7_0.conda
      - conda: https://conda.anaconda.org/conda-forge/linux-64/icu-78.3-h33c6efd_0.conda
      - conda: https://conda.anaconda.org/conda-forge/linux-64/ld_impl_linux-64-2.45.1-default_hbd61a6d_102.conda
      - conda: https://conda.anaconda.org/conda-forge/linux-64/libclang-cpp22.1-22.1.7-default_h99862b1_1.conda
      - conda: https://conda.anaconda.org/conda-forge/linux-64/libcompiler-rt-22.1.7-hb700be7_0.conda
      - conda: https://conda.anaconda.org/conda-forge/linux-64/libgcc-15.2.0-he0feb66_19.conda
      - conda: https://conda.anaconda.org/conda-forge/linux-64/libgomp-15.2.0-he0feb66_19.conda
      - conda: https://conda.anaconda.org/conda-forge/linux-64/libiconv-1.18-h3b78370_2.conda
      - conda: https://conda.anaconda.org/conda-forge/linux-64/libllvm22-22.1.7-hf7376ad_0.conda
      - conda: https://conda.anaconda.org/conda-forge/linux-64/liblzma-5.8.3-hb03c661_0.conda
      - conda: https://conda.anaconda.org/conda-forge/linux-64/libstdcxx-15.2.0-h934c35e_19.conda
      - conda: https://conda.anaconda.org/conda-forge/linux-64/libxml2-16-2.15.3-hca6bf5a_0.conda
      - conda: https://conda.anaconda.org/conda-forge/linux-64/libxml2-2.15.3-h49c6c72_0.conda
      - conda: https://conda.anaconda.org/conda-forge/linux-64/libxml2-devel-2.15.3-h49c6c72_0.conda
      - conda: https://conda.anaconda.org/conda-forge/linux-64/libzlib-1.3.2-h25fd6f3_2.conda
      - conda: https://conda.anaconda.org/conda-forge/linux-64/lld-22.1.7-hef48ded_0.conda
      - conda: https://conda.anaconda.org/conda-forge/linux-64/llvm-22.1.7-h24cfb1f_0.conda
      - conda: https://conda.anaconda.org/conda-forge/linux-64/llvm-openmp-22.1.7-h4922eb0_0.conda
      - conda: https://conda.anaconda.org/conda-forge/linux-64/llvm-tools-22-22.1.7-h3b15d91_0.conda
      - conda: https://conda.anaconda.org/conda-forge/linux-64/llvm-tools-22.1.7-hb700be7_0.conda
      - conda: https://conda.anaconda.org/conda-forge/linux-64/llvmdev-22.1.7-h3b15d91_0.conda
      - conda: https://conda.anaconda.org/conda-forge/linux-64/zlib-1.3.2-h25fd6f3_2.conda
      - conda: https://conda.anaconda.org/conda-forge/linux-64/zstd-1.5.7-hb78ec9c_6.conda
      - conda: https://conda.anaconda.org/conda-forge/noarch/compiler-rt22_linux-64-22.1.7-hffcefe0_0.conda
      - conda: https://conda.anaconda.org/conda-forge/noarch/compiler-rt_linux-64-22.1.7-ha770c72_0.conda
      - conda: https://conda.anaconda.org/conda-forge/noarch/kernel-headers_linux-64-4.18.0-he073ed8_9.conda
      - conda: https://conda.anaconda.org/conda-forge/noarch/libgcc-devel_linux-64-15.2.0-hcc6f6b0_119.conda
      - conda: https://conda.anaconda.org/conda-forge/noarch/sysroot_linux-64-2.28-h4ee821c_9.conda
      - conda: https://conda.anaconda.org/conda-forge/noarch/tzdata-2025c-hc9c84f9_1.conda
      win-64:
      - conda: https://conda.anaconda.org/conda-forge/noarch/compiler-rt22_win-64-22.1.7-h49e36cd_0.conda
      - conda: https://conda.anaconda.org/conda-forge/win-64/clang-22-22.1.7-default_hac490eb_1.conda
      - conda: https://conda.anaconda.org/conda-forge/win-64/clang-22.1.7-default_nocfg_hbb9487a_1.conda
      - conda: https://conda.anaconda.org/conda-forge/win-64/compiler-rt22-22.1.7-h49e36cd_0.conda
      - conda: https://conda.anaconda.org/conda-forge/win-64/libiconv-1.18-hc1393d2_2.conda
      - conda: https://conda.anaconda.org/conda-forge/win-64/libllvm-c22-22.1.7-h830ff33_0.conda
      - conda: https://conda.anaconda.org/conda-forge/win-64/libllvm22-22.1.7-h830ff33_0.conda
      - conda: https://conda.anaconda.org/conda-forge/win-64/liblzma-5.8.3-hfd05255_0.conda
      - conda: https://conda.anaconda.org/conda-forge/win-64/libxml2-16-2.15.3-h692994f_0.conda
      - conda: https://conda.anaconda.org/conda-forge/win-64/libxml2-2.15.3-hbc0d294_0.conda
      - conda: https://conda.anaconda.org/conda-forge/win-64/libxml2-devel-2.15.3-hbc0d294_0.conda
      - conda: https://conda.anaconda.org/conda-forge/win-64/libzlib-1.3.2-hfd05255_2.conda
      - conda: https://conda.anaconda.org/conda-forge/win-64/lld-22.1.7-hc465015_0.conda
      - conda: https://conda.anaconda.org/conda-forge/win-64/llvm-22.1.7-h5b3abef_0.conda
      - conda: https://conda.anaconda.org/conda-forge/win-64/llvm-openmp-22.1.7-h4fa8253_0.conda
      - conda: https://conda.anaconda.org/conda-forge/win-64/llvm-tools-22.1.7-h752b59f_0.conda
      - conda: https://conda.anaconda.org/conda-forge/win-64/llvmdev-22.1.7-h830ff33_0.conda
      - conda: https://conda.anaconda.org/conda-forge/win-64/ucrt-10.0.26100.0-h57928b3_0.conda
      - conda: https://conda.anaconda.org/conda-forge/win-64/vc-14.5-h1b7c187_38.conda
      - conda: https://conda.anaconda.org/conda-forge/win-64/vc14_runtime-14.51.36231-h1b9f54f_38.conda
      - conda: https://conda.anaconda.org/conda-forge/win-64/vcomp14-14.51.36231-h1b9f54f_38.conda
      - conda: https://conda.anaconda.org/conda-forge/win-64/zlib-1.3.2-hfd05255_2.conda
      - conda: https://conda.anaconda.org/conda-forge/win-64/zstd-1.5.7-h534d264_6.conda
packages:
- conda: https://conda.anaconda.org/conda-forge/linux-64/_openmp_mutex-4.5-20_gnu.conda
  build_number: 20
  sha256: 1dd3fffd892081df9726d7eb7e0dea6198962ba775bd88842135a4ddb4deb3c9
  md5: a9f577daf3de00bca7c3c76c0ecbd1de
  depends:
  - __glibc >=2.17,<3.0.a0
  - libgomp >=7.5.0
  constrains:
  - openmp_impl <0.0a0
  license: BSD-3-Clause
  license_family: BSD
  size: 28948
  timestamp: 1770939786096
- conda: https://conda.anaconda.org/conda-forge/linux-64/binutils-2.45.1-default_h4852527_102.conda
  sha256: 3c7c5580c1720206f28b7fa3d60d17986b3f32465e63009c14c9ae1ea64f926c
  md5: 212fe5f1067445544c99dc1c847d032c
  depends:
  - binutils_impl_linux-64 >=2.45.1,<2.45.2.0a0
  license: GPL-3.0-only
  license_family: GPL
  size: 35436
  timestamp: 1774197482571
- conda: https://conda.anaconda.org/conda-forge/linux-64/binutils_impl_linux-64-2.45.1-default_hfdba357_102.conda
  sha256: 0a7d405064f53b9d91d92515f1460f7906ee5e8523f3cd8973430e81219f4917
  md5: 8165352fdce2d2025bf884dc0ee85700
  depends:
  - ld_impl_linux-64 2.45.1 default_hbd61a6d_102
  - sysroot_linux-64
  - zstd >=1.5.7,<1.6.0a0
  license: GPL-3.0-only
  license_family: GPL
  size: 3661455
  timestamp: 1774197460085
- conda: https://conda.anaconda.org/conda-forge/linux-64/clang-22-22.1.7-default_h99862b1_1.conda
  sha256: 38c0c7bae81c823ae6415efb148bb725649daa21d8ec86ad68edf96515752ea5
  md5: 2bb0f71e4eadc0642a3c33788dcd026c
  depends:
  - __glibc >=2.17,<3.0.a0
  - compiler-rt22 22.1.7.*
  - libclang-cpp22.1 22.1.7 default_h99862b1_1
  - libgcc >=14
  - libllvm22 >=22.1.7,<22.2.0a0
  - libstdcxx >=14
  license: Apache-2.0 WITH LLVM-exception
  license_family: Apache
  size: 836956
  timestamp: 1780522354757
- conda: https://conda.anaconda.org/conda-forge/linux-64/clang-22.1.7-default_cfg_hcbb2b3e_1.conda
  sha256: 5fb0aa5d906cf26edd713227b25e65aa9aa1864ee25bb90333dc13f1eeb1dfef
  md5: 8a253ec66588e18ece3dc5ecb92ebedd
  depends:
  - binutils
  - clang-22 22.1.7 default_h99862b1_1
  - clang_impl_linux-64 22.1.7 default_h0a60c25_1
  - libgcc-devel_linux-64
  - llvm-openmp >=22.1.7
  - sysroot_linux-64
  license: Apache-2.0 WITH LLVM-exception
  license_family: Apache
  size: 29355
  timestamp: 1780522422125
- conda: https://conda.anaconda.org/conda-forge/linux-64/clang_impl_linux-64-22.1.7-default_h0a60c25_1.conda
  sha256: a21fa9532a6a5b6b71344ded3254e22d05e30089e674b690636de20a0a31b86e
  md5: 1a32aaee16eaf5632a7f83c8ad704c7c
  depends:
  - binutils_impl_linux-64
  - clang-22 22.1.7 default_h99862b1_1
  - compiler-rt 22.1.7.*
  - compiler-rt_linux-64
  - libgcc-devel_linux-64
  - sysroot_linux-64
  license: Apache-2.0 WITH LLVM-exception
  license_family: Apache
  size: 28937
  timestamp: 1780522404332
- conda: https://conda.anaconda.org/conda-forge/linux-64/compiler-rt-22.1.7-ha770c72_0.conda
  sha256: 5c3fd5b891f1899dd2850f6df69a9796728e0dcc0491106bd34bc8309c743159
  md5: 0e77ba72fa2a85ae777fbc5f9d98b030
  depends:
  - compiler-rt22 22.1.7 hb700be7_0
  - libcompiler-rt 22.1.7 hb700be7_0
  constrains:
  - clang 22.1.7
  license: Apache-2.0 WITH LLVM-exception
  license_family: APACHE
  size: 16637
  timestamp: 1780457712597
- conda: https://conda.anaconda.org/conda-forge/linux-64/compiler-rt22-22.1.7-hb700be7_0.conda
  sha256: 69dcd7ebbda0395092a250f7a6a6849e136ef83e50fb011b7bccbaff8387ab18
  md5: 7b0ea1177312164d0cd8cda63f8e5564
  depends:
  - __glibc >=2.17,<3.0.a0
  - compiler-rt22_linux-64 22.1.7.*
  - libgcc >=14
  - libstdcxx >=14
  license: Apache-2.0 WITH LLVM-exception
  license_family: APACHE
  size: 115261
  timestamp: 1780457711459
- conda: https://conda.anaconda.org/conda-forge/linux-64/icu-78.3-h33c6efd_0.conda
  sha256: fbf86c4a59c2ed05bbffb2ba25c7ed94f6185ec30ecb691615d42342baa1a16a
  md5: c80d8a3b84358cb967fa81e7075fbc8a
  depends:
  - __glibc >=2.17,<3.0.a0
  - libgcc >=14
  - libstdcxx >=14
  license: MIT
  license_family: MIT
  size: 12723451
  timestamp: 1773822285671
- conda: https://conda.anaconda.org/conda-forge/linux-64/ld_impl_linux-64-2.45.1-default_hbd61a6d_102.conda
  sha256: 3d584956604909ff5df353767f3a2a2f60e07d070b328d109f30ac40cd62df6c
  md5: 18335a698559cdbcd86150a48bf54ba6
  depends:
  - __glibc >=2.17,<3.0.a0
  - zstd >=1.5.7,<1.6.0a0
  constrains:
  - binutils_impl_linux-64 2.45.1
  license: GPL-3.0-only
  license_family: GPL
  size: 728002
  timestamp: 1774197446916
- conda: https://conda.anaconda.org/conda-forge/linux-64/libclang-cpp22.1-22.1.7-default_h99862b1_1.conda
  sha256: e638accaebe12402ce1c80ac2ba04be8114bbaa71d4012fbe8f2661fa76ea841
  md5: 56888f4782b0a0c6fd293d8138c679bf
  depends:
  - __glibc >=2.17,<3.0.a0
  - libgcc >=14
  - libllvm22 >=22.1.7,<22.2.0a0
  - libstdcxx >=14
  license: Apache-2.0 WITH LLVM-exception
  license_family: Apache
  size: 21680350
  timestamp: 1780522287716
- conda: https://conda.anaconda.org/conda-forge/linux-64/libcompiler-rt-22.1.7-hb700be7_0.conda
  sha256: 0a88373df59c14af4b28d517362d499b635ff4c3fafda489909e27fb0cbe359c
  md5: 1ff9052964497c65b03305a6489085e9
  depends:
  - __glibc >=2.17,<3.0.a0
  - libgcc >=14
  - libstdcxx >=14
  constrains:
  - compiler-rt >=9.0.1
  license: Apache-2.0 WITH LLVM-exception
  license_family: APACHE
  size: 10392423
  timestamp: 1780457693346
- conda: https://conda.anaconda.org/conda-forge/linux-64/libgcc-15.2.0-he0feb66_19.conda
  sha256: 8e0a3b5e41272e5678499b5dfc4cddb673f9e935de01eb0767ce857001229f46
  md5: 57736f29cc2b0ec0b6c2952d3f101b6a
  depends:
  - __glibc >=2.17,<3.0.a0
  - _openmp_mutex >=4.5
  constrains:
  - libgcc-ng ==15.2.0=*_19
  - libgomp 15.2.0 he0feb66_19
  license: GPL-3.0-only WITH GCC-exception-3.1
  license_family: GPL
  size: 1041084
  timestamp: 1778269013026
- conda: https://conda.anaconda.org/conda-forge/linux-64/libgomp-15.2.0-he0feb66_19.conda
  sha256: 5abe4ab9d93f6c9757d654f1969ae2267d4505315c1f2f8fe705fd60af084f1b
  md5: faac990cb7aedc7f3a2224f2c9b0c26c
  depends:
  - __glibc >=2.17,<3.0.a0
  license: GPL-3.0-only WITH GCC-exception-3.1
  license_family: GPL
  size: 603817
  timestamp: 1778268942614
- conda: https://conda.anaconda.org/conda-forge/linux-64/libiconv-1.18-h3b78370_2.conda
  sha256: c467851a7312765447155e071752d7bf9bf44d610a5687e32706f480aad2833f
  md5: 915f5995e94f60e9a4826e0b0920ee88
  depends:
  - __glibc >=2.17,<3.0.a0
  - libgcc >=14
  license: LGPL-2.1-only
  size: 790176
  timestamp: 1754908768807
- conda: https://conda.anaconda.org/conda-forge/linux-64/libllvm22-22.1.7-hf7376ad_0.conda
  sha256: 7b2cfedb9a0c4d2329e6b5e527f36e23579c985f00073330c5d739cdd4592218
  md5: 963a932cab52c52cb9cda5877d0d8537
  depends:
  - __glibc >=2.17,<3.0.a0
  - libgcc >=14
  - libstdcxx >=14
  - libxml2
  - libxml2-16 >=2.14.6
  - libzlib >=1.3.2,<2.0a0
  - zstd >=1.5.7,<1.6.0a0
  license: Apache-2.0 WITH LLVM-exception
  license_family: Apache
  size: 44240299
  timestamp: 1780445743730
- conda: https://conda.anaconda.org/conda-forge/linux-64/liblzma-5.8.3-hb03c661_0.conda
  sha256: ec30e52a3c1bf7d0425380a189d209a52baa03f22fb66dd3eb587acaa765bd6d
  md5: b88d90cad08e6bc8ad540cb310a761fb
  depends:
  - __glibc >=2.17,<3.0.a0
  - libgcc >=14
  constrains:
  - xz 5.8.3.*
  license: 0BSD
  size: 113478
  timestamp: 1775825492909
- conda: https://conda.anaconda.org/conda-forge/linux-64/libstdcxx-15.2.0-h934c35e_19.conda
  sha256: dff1058c76ec6b8759e41cefa2508162d00e4a5e6721aa68ec3fd10094e702dc
  md5: 5794b3bdc38177caf969dabd3af08549
  depends:
  - __glibc >=2.17,<3.0.a0
  - libgcc 15.2.0 he0feb66_19
  constrains:
  - libstdcxx-ng ==15.2.0=*_19
  license: GPL-3.0-only WITH GCC-exception-3.1
  license_family: GPL
  size: 5852044
  timestamp: 1778269036376
- conda: https://conda.anaconda.org/conda-forge/linux-64/libxml2-16-2.15.3-hca6bf5a_0.conda
  sha256: 3d44f737c5ae52d5af32682cc1530df433f401f8e58a7533926536244127572a
  md5: e79d2c2f24b027aa8d5ab1b1ba3061e7
  depends:
  - __glibc >=2.17,<3.0.a0
  - icu >=78.3,<79.0a0
  - libgcc >=14
  - libiconv >=1.18,<2.0a0
  - liblzma >=5.8.3,<6.0a0
  - libzlib >=1.3.2,<2.0a0
  constrains:
  - libxml2 2.15.3
  license: MIT
  license_family: MIT
  size: 559775
  timestamp: 1776376739004
- conda: https://conda.anaconda.org/conda-forge/linux-64/libxml2-2.15.3-h49c6c72_0.conda
  sha256: 3bc5551720c58591f6ea1146f7d1539c734ed1c40e7b9f5cb8cb7e900c509aba
  md5: 995d8c8bad2a3cc8db14675a153dec2b
  depends:
  - __glibc >=2.17,<3.0.a0
  - icu >=78.3,<79.0a0
  - libgcc >=14
  - libiconv >=1.18,<2.0a0
  - liblzma >=5.8.3,<6.0a0
  - libxml2-16 2.15.3 hca6bf5a_0
  - libzlib >=1.3.2,<2.0a0
  license: MIT
  license_family: MIT
  size: 46810
  timestamp: 1776376751152
- conda: https://conda.anaconda.org/conda-forge/linux-64/libxml2-devel-2.15.3-h49c6c72_0.conda
  sha256: adada9c781ea51faea3e3adcd6883dc294ff2fa044c7f4e199430a11862dfa40
  md5: be70cb50dd0ecc1531c58034d38f72e0
  depends:
  - __glibc >=2.17,<3.0.a0
  - icu >=78.3,<79.0a0
  - libgcc >=14
  - libiconv >=1.18,<2.0a0
  - liblzma >=5.8.3,<6.0a0
  - libxml2 2.15.3 h49c6c72_0
  - libxml2-16 2.15.3 hca6bf5a_0
  - libzlib >=1.3.2,<2.0a0
  license: MIT
  license_family: MIT
  size: 80529
  timestamp: 1776376762779
- conda: https://conda.anaconda.org/conda-forge/linux-64/libzlib-1.3.2-h25fd6f3_2.conda
  sha256: 55044c403570f0dc26e6364de4dc5368e5f3fc7ff103e867c487e2b5ab2bcda9
  md5: d87ff7921124eccd67248aa483c23fec
  depends:
  - __glibc >=2.17,<3.0.a0
  constrains:
  - zlib 1.3.2 *_2
  license: Zlib
  license_family: Other
  size: 63629
  timestamp: 1774072609062
- conda: https://conda.anaconda.org/conda-forge/linux-64/lld-22.1.7-hef48ded_0.conda
  sha256: 782715eb3b8643eb245955f26a12031171b1cc0acd538f2e43d4d73927d49da6
  md5: 093e23af54493b59e4c457a4d2d27af0
  depends:
  - __glibc >=2.17,<3.0.a0
  - libgcc >=14
  - libllvm22 >=22.1.7,<22.2.0a0
  - libstdcxx >=14
  - libzlib >=1.3.2,<2.0a0
  - zstd >=1.5.7,<1.6.0a0
  constrains:
  - llvm ==22.1.7
  license: Apache-2.0 WITH LLVM-exception
  license_family: APACHE
  size: 12074565
  timestamp: 1780537648439
- conda: https://conda.anaconda.org/conda-forge/linux-64/llvm-22.1.7-h24cfb1f_0.conda
  sha256: 1a6de887e952fcd61f15b3315f04677c78487f32da4793e58b4077111f8e43ad
  md5: 6886d53aff2d142fb27e0d0d68616343
  depends:
  - libllvm22 22.1.7 hf7376ad_0
  - libxml2
  - libxml2-16 >=2.14.6
  - libzlib >=1.3.2,<2.0a0
  - zstd >=1.5.7,<1.6.0a0
  constrains:
  - clang       22.1.7
  - llvm-tools  22.1.7
  - llvmdev     22.1.7
  - clang-tools 22.1.7
  license: Apache-2.0 WITH LLVM-exception
  license_family: Apache
  size: 18669
  timestamp: 1780445862110
- conda: https://conda.anaconda.org/conda-forge/linux-64/llvm-openmp-22.1.7-h4922eb0_0.conda
  sha256: 41941a6edc8358ec41617252cfec6b9e560cdfdf6d5a5c7d3c2562f43a3b66cb
  md5: 362702bd1f3c1b06ba5908ff18ef6d8c
  depends:
  - __glibc >=2.17,<3.0.a0
  constrains:
  - openmp 22.1.7|22.1.7.*
  - intel-openmp <0.0a0
  license: Apache-2.0 WITH LLVM-exception
  license_family: APACHE
  size: 6119827
  timestamp: 1780455599472
- conda: https://conda.anaconda.org/conda-forge/linux-64/llvm-tools-22-22.1.7-h3b15d91_0.conda
  sha256: 5e4c54b0eefab586d2f31a6473a2bcb719bb1c90887427492d60eb70639d9309
  md5: 79e14ae29844d4aa336c6a4c51c728c9
  depends:
  - __glibc >=2.17,<3.0.a0
  - libgcc >=14
  - libllvm22 22.1.7 hf7376ad_0
  - libstdcxx >=14
  - libzlib >=1.3.2,<2.0a0
  - zstd >=1.5.7,<1.6.0a0
  license: Apache-2.0 WITH LLVM-exception
  license_family: Apache
  size: 25362787
  timestamp: 1780445881140
- conda: https://conda.anaconda.org/conda-forge/linux-64/llvm-tools-22.1.7-hb700be7_0.conda
  sha256: 0353ce2648ad1f35324247b36b5cfaccbf0f74af46122a75cae14d7c7d6398e1
  md5: 980318b343b007cca0f55d28dca7a991
  depends:
  - __glibc >=2.17,<3.0.a0
  - libgcc >=14
  - libllvm22 22.1.7 hf7376ad_0
  - libstdcxx >=14
  - llvm-tools-22 22.1.7 h3b15d91_0
  constrains:
  - clang       22.1.7
  - llvmdev     22.1.7
  - clang-tools 22.1.7
  - llvm        22.1.7
  license: Apache-2.0 WITH LLVM-exception
  license_family: Apache
  size: 52276
  timestamp: 1780445945075
- conda: https://conda.anaconda.org/conda-forge/linux-64/llvmdev-22.1.7-h3b15d91_0.conda
  sha256: aed80aa5ff2988b582b2fc804fe72962d50b19326120b5d1c7c80ca65ac9ff00
  md5: ef6a1c32130559aa9346522512df0c64
  depends:
  - __glibc >=2.17,<3.0.a0
  - libgcc >=14
  - libllvm22 22.1.7 hf7376ad_0
  - libstdcxx >=14
  - libzlib >=1.3.2,<2.0a0
  - llvm-tools 22.1.7 hb700be7_0
  - zstd >=1.5.7,<1.6.0a0
  constrains:
  - clang       22.1.7
  - llvm-tools  22.1.7
  - clang-tools 22.1.7
  - llvm        22.1.7
  license: Apache-2.0 WITH LLVM-exception
  license_family: Apache
  size: 62549024
  timestamp: 1780445964274
- conda: https://conda.anaconda.org/conda-forge/linux-64/zlib-1.3.2-h25fd6f3_2.conda
  sha256: 245c9ee8d688e23661b95e3c6dd7272ca936fabc03d423cdb3cdee1bbcf9f2f2
  md5: c2a01a08fc991620a74b32420e97868a
  depends:
  - __glibc >=2.17,<3.0.a0
  - libzlib 1.3.2 h25fd6f3_2
  license: Zlib
  license_family: Other
  size: 95931
  timestamp: 1774072620848
- conda: https://conda.anaconda.org/conda-forge/linux-64/zstd-1.5.7-hb78ec9c_6.conda
  sha256: 68f0206ca6e98fea941e5717cec780ed2873ffabc0e1ed34428c061e2c6268c7
  md5: 4a13eeac0b5c8e5b8ab496e6c4ddd829
  depends:
  - __glibc >=2.17,<3.0.a0
  - libzlib >=1.3.1,<2.0a0
  license: BSD-3-Clause
  license_family: BSD
  size: 601375
  timestamp: 1764777111296
- conda: https://conda.anaconda.org/conda-forge/noarch/compiler-rt22_linux-64-22.1.7-hffcefe0_0.conda
  sha256: 0184dc333e3dc0c1973f6d354015cd3533625571bf2ad97dfa287a18a1ac2945
  md5: 699e523934ddf5ca6ecb2edc40234ced
  constrains:
  - compiler-rt >=9.0.1
  license: Apache-2.0 WITH LLVM-exception
  license_family: APACHE
  size: 50732632
  timestamp: 1780457625338
- conda: https://conda.anaconda.org/conda-forge/noarch/compiler-rt22_win-64-22.1.7-h49e36cd_0.conda
  sha256: 75e6dd239778206bc8690401be65ca5672b8c9fc7213decfe51733e101d985b8
  md5: 13d301556c1d0925674ed963ac76b68e
  constrains:
  - compiler-rt >=9.0.1
  license: Apache-2.0 WITH LLVM-exception
  license_family: APACHE
  size: 3528669
  timestamp: 1780458279364
- conda: https://conda.anaconda.org/conda-forge/noarch/compiler-rt_linux-64-22.1.7-ha770c72_0.conda
  sha256: e86ef4ebeafa37917cc2a8d63381dfb397a285d9c4aa61a8da21d2812c2f805f
  md5: 6026a21f9e3fb417c8081065152967b1
  depends:
  - compiler-rt22_linux-64 22.1.7 hffcefe0_0
  constrains:
  - clang 22.1.7
  license: Apache-2.0 WITH LLVM-exception
  license_family: APACHE
  size: 16661
  timestamp: 1780457712304
- conda: https://conda.anaconda.org/conda-forge/noarch/kernel-headers_linux-64-4.18.0-he073ed8_9.conda
  sha256: 41557eeadf641de6aeae49486cef30d02a6912d8da98585d687894afd65b356a
  md5: 86d9cba083cd041bfbf242a01a7a1999
  constrains:
  - sysroot_linux-64 ==2.28
  license: LGPL-2.0-or-later AND LGPL-2.0-or-later WITH exceptions AND GPL-2.0-or-later
  license_family: GPL
  size: 1278712
  timestamp: 1765578681495
- conda: https://conda.anaconda.org/conda-forge/noarch/libgcc-devel_linux-64-15.2.0-hcc6f6b0_119.conda
  sha256: 38a557eba305468ac1f90ac85e50d8defd76141cb0b8a43b2fc1aca71dd5d5f2
  md5: 683fcb168e1df9a21fa80d5aa2d9330b
  depends:
  - __unix
  license: GPL-3.0-only WITH GCC-exception-3.1
  license_family: GPL
  size: 3095909
  timestamp: 1778268932148
- conda: https://conda.anaconda.org/conda-forge/noarch/sysroot_linux-64-2.28-h4ee821c_9.conda
  sha256: c47299fe37aebb0fcf674b3be588e67e4afb86225be4b0d452c7eb75c086b851
  md5: 13dc3adbc692664cd3beabd216434749
  depends:
  - __glibc >=2.28
  - kernel-headers_linux-64 4.18.0 he073ed8_9
  - tzdata
  license: LGPL-2.0-or-later AND LGPL-2.0-or-later WITH exceptions AND GPL-2.0-or-later
  license_family: GPL
  size: 24008591
  timestamp: 1765578833462
- conda: https://conda.anaconda.org/conda-forge/noarch/tzdata-2025c-hc9c84f9_1.conda
  sha256: 1d30098909076af33a35017eed6f2953af1c769e273a0626a04722ac4acaba3c
  md5: ad659d0a2b3e47e38d829aa8cad2d610
  license: LicenseRef-Public-Domain
  size: 119135
  timestamp: 1767016325805
- conda: https://conda.anaconda.org/conda-forge/win-64/clang-22-22.1.7-default_hac490eb_1.conda
  sha256: 5fb98251c0547e128ef108f1f120b3bb7ac2200139732b8b42efb71e5c664279
  md5: 2089116d49af426c37b02cf13138e2c9
  depends:
  - compiler-rt22 22.1.7.*
  - libzlib >=1.3.2,<2.0a0
  - ucrt >=10.0.20348.0
  - vc >=14.3,<15
  - vc14_runtime >=14.44.35208
  - zstd >=1.5.7,<1.6.0a0
  license: Apache-2.0 WITH LLVM-exception
  license_family: Apache
  size: 77064127
  timestamp: 1780520543496
- conda: https://conda.anaconda.org/conda-forge/win-64/clang-22.1.7-default_nocfg_hbb9487a_1.conda
  sha256: 5a5b0772bf1d62acb8b4999c02c1ffdc332a7be5cc3f8c3697fce1ef81e109f1
  md5: c417939a9b4ee3b0de7bd3c16156e0ad
  depends:
  - clang-22 22.1.7 default_hac490eb_1
  - libzlib >=1.3.2,<2.0a0
  - llvm-openmp >=22.1.7
  - ucrt >=10.0.20348.0
  - vc >=14.3,<15
  - vc14_runtime >=14.44.35208
  - zstd >=1.5.7,<1.6.0a0
  license: Apache-2.0 WITH LLVM-exception
  license_family: Apache
  size: 114422828
  timestamp: 1780520754843
- conda: https://conda.anaconda.org/conda-forge/win-64/compiler-rt22-22.1.7-h49e36cd_0.conda
  sha256: 0254a8b7fed783b81eebbaafb6940e7a064289bab8aeda86672b9fb2d568af9e
  md5: f8c1987ac460c18142206f63303ee67a
  depends:
  - compiler-rt22_win-64 22.1.7.*
  - ucrt >=10.0.20348.0
  - vc >=14.3,<15
  - vc14_runtime >=14.44.35208
  license: Apache-2.0 WITH LLVM-exception
  license_family: APACHE
  size: 3743069
  timestamp: 1780458302633
- conda: https://conda.anaconda.org/conda-forge/win-64/libiconv-1.18-hc1393d2_2.conda
  sha256: 0dcdb1a5f01863ac4e8ba006a8b0dc1a02d2221ec3319b5915a1863254d7efa7
  md5: 64571d1dd6cdcfa25d0664a5950fdaa2
  depends:
  - ucrt >=10.0.20348.0
  - vc >=14.3,<15
  - vc14_runtime >=14.44.35208
  license: LGPL-2.1-only
  size: 696926
  timestamp: 1754909290005
- conda: https://conda.anaconda.org/conda-forge/win-64/libllvm-c22-22.1.7-h830ff33_0.conda
  sha256: ea211d92ba444f8893aa9ea3027c64948d2f1fc5db52c9ca39882fc8c6ae6435
  md5: 00dba615118296eade6f4896abc52102
  depends:
  - libzlib >=1.3.2,<2.0a0
  - ucrt >=10.0.20348.0
  - vc >=14.3,<15
  - vc14_runtime >=14.44.35208
  - zstd >=1.5.7,<1.6.0a0
  constrains:
  - llvmdev 22.1.7
  license: Apache-2.0 WITH LLVM-exception
  license_family: Apache
  size: 26766017
  timestamp: 1780442901326
- conda: https://conda.anaconda.org/conda-forge/win-64/libllvm22-22.1.7-h830ff33_0.conda
  sha256: 2ca85e656663c32be33e8c8b935930278192f59d9a2a6e7e000bbf80ba045a8c
  md5: 8d10fc4761ac8048076b295b67dd9945
  depends:
  - libzlib >=1.3.2,<2.0a0
  - ucrt >=10.0.20348.0
  - vc >=14.3,<15
  - vc14_runtime >=14.44.35208
  - zstd >=1.5.7,<1.6.0a0
  license: Apache-2.0 WITH LLVM-exception
  license_family: Apache
  size: 19061
  timestamp: 1780442814046
- conda: https://conda.anaconda.org/conda-forge/win-64/liblzma-5.8.3-hfd05255_0.conda
  sha256: d636d1a25234063642f9c531a7bb58d84c1c496411280a36ea000bd122f078f1
  md5: 8f83619ab1588b98dd99c90b0bfc5c6d
  depends:
  - ucrt >=10.0.20348.0
  - vc >=14.3,<15
  - vc14_runtime >=14.44.35208
  constrains:
  - xz 5.8.3.*
  license: 0BSD
  size: 106486
  timestamp: 1775825663227
- conda: https://conda.anaconda.org/conda-forge/win-64/libxml2-16-2.15.3-h692994f_0.conda
  sha256: 8038084c60eda2006d0122d05e3364fe8db0a18935ca6ed0168b5ba5aa33f904
  md5: f7d6fcda29570e20851b78d92ea2154e
  depends:
  - libiconv >=1.18,<2.0a0
  - liblzma >=5.8.3,<6.0a0
  - libzlib >=1.3.2,<2.0a0
  - ucrt >=10.0.20348.0
  - vc >=14.3,<15
  - vc14_runtime >=14.44.35208
  constrains:
  - libxml2 2.15.3
  - icu <0.0a0
  license: MIT
  license_family: MIT
  size: 518869
  timestamp: 1776376971242
- conda: https://conda.anaconda.org/conda-forge/win-64/libxml2-2.15.3-hbc0d294_0.conda
  sha256: da68af9d9d28d65a6916db1bef68f8a25c64c4fdcf759f32a2d2f2f143220adf
  md5: e3b5acbb857a12f5d59e8d174bc536c0
  depends:
  - libiconv >=1.18,<2.0a0
  - liblzma >=5.8.3,<6.0a0
  - libxml2-16 2.15.3 h692994f_0
  - libzlib >=1.3.2,<2.0a0
  - ucrt >=10.0.20348.0
  - vc >=14.3,<15
  - vc14_runtime >=14.44.35208
  constrains:
  - icu <0.0a0
  license: MIT
  license_family: MIT
  size: 43916
  timestamp: 1776376994334
- conda: https://conda.anaconda.org/conda-forge/win-64/libxml2-devel-2.15.3-hbc0d294_0.conda
  sha256: 950239d28f933c61cfc83f9bfb7c74357c319636e2dc429fe4970ecdab1da2d3
  md5: 62b6eff67ddb7d8657e92fc3d1382a2d
  depends:
  - libiconv >=1.18,<2.0a0
  - liblzma >=5.8.3,<6.0a0
  - libxml2 2.15.3 hbc0d294_0
  - libxml2-16 2.15.3 h692994f_0
  - libzlib >=1.3.2,<2.0a0
  - ucrt >=10.0.20348.0
  - vc >=14.3,<15
  - vc14_runtime >=14.44.35208
  constrains:
  - icu <0.0a0
  license: MIT
  license_family: MIT
  size: 124140
  timestamp: 1776377015711
- conda: https://conda.anaconda.org/conda-forge/win-64/libzlib-1.3.2-hfd05255_2.conda
  sha256: 88609816e0cc7452bac637aaf65783e5edf4fee8a9f8e22bdc3a75882c536061
  md5: dbabbd6234dea34040e631f87676292f
  depends:
  - ucrt >=10.0.20348.0
  - vc >=14.3,<15
  - vc14_runtime >=14.44.35208
  constrains:
  - zlib 1.3.2 *_2
  license: Zlib
  license_family: Other
  size: 58347
  timestamp: 1774072851498
- conda: https://conda.anaconda.org/conda-forge/win-64/lld-22.1.7-hc465015_0.conda
  sha256: 9982bd1381ac93bfaea2147cc614dba16d963e2b239e89b43bf47fae0147684e
  md5: 916732887f40b9fe5b6305d8b033c58d
  depends:
  - libxml2
  - libxml2-16 >=2.14.6
  - libzlib >=1.3.2,<2.0a0
  - ucrt >=10.0.20348.0
  - vc >=14.3,<15
  - vc14_runtime >=14.44.35208
  - zstd >=1.5.7,<1.6.0a0
  constrains:
  - llvm ==22.1.7
  license: Apache-2.0 WITH LLVM-exception
  license_family: APACHE
  size: 142855365
  timestamp: 1780538703928
- conda: https://conda.anaconda.org/conda-forge/win-64/llvm-22.1.7-h5b3abef_0.conda
  sha256: bd50b0b4cd81db0ff7adc0597dd79b27104cf237974441c328be38c87a56f5b0
  md5: fb035ff0562165f8a31c0cd265eecfa1
  depends:
  - libxml2
  - libxml2-16 >=2.14.6
  - libzlib >=1.3.2,<2.0a0
  - zstd >=1.5.7,<1.6.0a0
  constrains:
  - llvm-tools  22.1.7
  - clang       22.1.7
  - clang-tools 22.1.7
  - llvmdev     22.1.7
  license: Apache-2.0 WITH LLVM-exception
  license_family: Apache
  size: 19101
  timestamp: 1780442820499
- conda: https://conda.anaconda.org/conda-forge/win-64/llvm-openmp-22.1.7-h4fa8253_0.conda
  sha256: 70140a1fa5d7cb801c6be3273b0704b5f0e418e2fff6b12b8ce9db13067a1ed5
  md5: 0ca3373049a5be11689bc2f9b2f3a9d2
  depends:
  - ucrt >=10.0.20348.0
  - vc >=14.3,<15
  - vc14_runtime >=14.44.35208
  constrains:
  - intel-openmp <0.0a0
  - openmp 22.1.7|22.1.7.*
  license: Apache-2.0 WITH LLVM-exception
  license_family: APACHE
  size: 347536
  timestamp: 1780456277495
- conda: https://conda.anaconda.org/conda-forge/win-64/llvm-tools-22.1.7-h752b59f_0.conda
  sha256: 8983832803cccd90bdfd4681bc656926ee0140dba88e6cd06b7a59d05010de66
  md5: a2a06efe5eb62c1f0b661354a6d4696e
  depends:
  - libllvm22 22.1.7 h830ff33_0
  - libxml2
  - libxml2-16 >=2.14.6
  - libzlib >=1.3.2,<2.0a0
  - ucrt >=10.0.20348.0
  - vc >=14.3,<15
  - vc14_runtime >=14.44.35208
  - zstd >=1.5.7,<1.6.0a0
  constrains:
  - clang       22.1.7
  - clang-tools 22.1.7
  - llvm        22.1.7
  - llvmdev     22.1.7
  license: Apache-2.0 WITH LLVM-exception
  license_family: Apache
  size: 228216665
  timestamp: 1780443277250
- conda: https://conda.anaconda.org/conda-forge/win-64/llvmdev-22.1.7-h830ff33_0.conda
  sha256: 2efe40c48eff373b767f548f35abc76ab24217c6a5401fdcaf2369c3c3f8b3aa
  md5: 91874d5da335c31b8b08a6642540b3fc
  depends:
  - libllvm-c22 22.1.7 h830ff33_0
  - libllvm22 22.1.7 h830ff33_0
  - libzlib >=1.3.2,<2.0a0
  - llvm-tools 22.1.7 h752b59f_0
  - ucrt >=10.0.20348.0
  - vc >=14.3,<15
  - vc14_runtime >=14.44.35208
  - zstd >=1.5.7,<1.6.0a0
  constrains:
  - llvm-tools  22.1.7
  - clang       22.1.7
  - clang-tools 22.1.7
  - llvm        22.1.7
  license: Apache-2.0 WITH LLVM-exception
  license_family: Apache
  size: 105574318
  timestamp: 1780444592400
- conda: https://conda.anaconda.org/conda-forge/win-64/ucrt-10.0.26100.0-h57928b3_0.conda
  sha256: 3005729dce6f3d3f5ec91dfc49fc75a0095f9cd23bab49efb899657297ac91a5
  md5: 71b24316859acd00bdb8b38f5e2ce328
  constrains:
  - vc14_runtime >=14.29.30037
  - vs2015_runtime >=14.29.30037
  license: LicenseRef-MicrosoftWindowsSDK10
  size: 694692
  timestamp: 1756385147981
- conda: https://conda.anaconda.org/conda-forge/win-64/vc-14.5-h1b7c187_38.conda
  sha256: 61b68e5a4fc71a17f8d64b12e013a2f971ad980bd08e9c389d5e68efe1a67de0
  md5: 774568633f3b26d7a4a6dd4f9ea6d3e1
  depends:
  - vc14_runtime >=14.51.36231
  track_features:
  - vc14
  license: BSD-3-Clause
  license_family: BSD
  size: 20187
  timestamp: 1780005880049
- conda: https://conda.anaconda.org/conda-forge/win-64/vc14_runtime-14.51.36231-h1b9f54f_38.conda
  sha256: 957c7c65583c7107a5e76f39756c6361fcb7b0dc101ac7c0aea86e7ca09fe49c
  md5: 2cdcd8ea1010920911bb2eacb4c61227
  depends:
  - ucrt >=10.0.20348.0
  - vcomp14 14.51.36231 h1b9f54f_38
  constrains:
  - vs2015_runtime 14.51.36231.* *_38
  license: LicenseRef-MicrosoftVisualCpp2015-2022Runtime
  license_family: Proprietary
  size: 740997
  timestamp: 1780005875753
- conda: https://conda.anaconda.org/conda-forge/win-64/vcomp14-14.51.36231-h1b9f54f_38.conda
  sha256: c645fdc1f0f47718431d973386e946754a10200e7ba2c32032560913a970cacd
  md5: 63ee70d69d7540e821940dac5d4d9ba2
  depends:
  - ucrt >=10.0.20348.0
  constrains:
  - vs2015_runtime 14.51.36231.* *_38
  license: LicenseRef-MicrosoftVisualCpp2015-2022Runtime
  license_family: Proprietary
  size: 123561
  timestamp: 1780005858779
- conda: https://conda.anaconda.org/conda-forge/win-64/zlib-1.3.2-hfd05255_2.conda
  sha256: ef408f85f664a4b9c9dac3cb2e36154d9baa15a88984ea800e11060e0f2394a1
  md5: 5187ecf958be3c39110fe691cbd6873e
  depends:
  - libzlib 1.3.2 hfd05255_2
  - ucrt >=10.0.20348.0
  - vc >=14.3,<15
  - vc14_runtime >=14.44.35208
  license: Zlib
  license_family: Other
  size: 850351
  timestamp: 1774072891049
- conda: https://conda.anaconda.org/conda-forge/win-64/zstd-1.5.7-h534d264_6.conda
  sha256: 368d8628424966fd8f9c8018326a9c779e06913dd39e646cf331226acc90e5b2
  md5: 053b84beec00b71ea8ff7a4f84b55207
  depends:
  - vc >=14.3,<15
  - vc14_runtime >=14.44.35208
  - ucrt >=10.0.20348.0
  - libzlib >=1.3.1,<2.0a0
  license: BSD-3-Clause
  license_family: BSD
  size: 388453
  timestamp: 1764777142545
